
Microsoft Visual Studio Solution File, Format Version 12.00
# Visual Studio Version 16
VisualStudioVersion = 16.0.31424.327
MinimumVisualStudioVersion = 10.0.40219.1
Project("{FAE04EC0-301F-11D3-BF4B-00C04F79EFBC}") = "Dapper.API", "Dapper.API\Dapper.API.csproj", "{F555E78F-97B2-47FA-A84B-4BE985E8AA56}"
EndProject
Global
	GlobalSection(SolutionConfigurationPlatforms) = preSolution
		Debug|Any CPU = Debug|Any CPU
		Release|Any CPU = Release|Any CPU
	EndGlobalSection
	GlobalSection(ProjectConfigurationPlatforms) = postSolution
		{F555E78F-97B2-47FA-A84B-4BE985E8AA56}.Debug|Any CPU.ActiveCfg = Debug|Any CPU
		{F555E78F-97B2-47FA-A84B-4BE985E8AA56}.Debug|Any CPU.Build.0 = Debug|Any CPU
		{F555E78F-97B2-47FA-A84B-4BE985E8AA56}.Release|Any CPU.ActiveCfg = Release|Any CPU
		{F555E78F-97B2-47FA-A84B-4BE985E8AA56}.Release|Any CPU.Build.0 = Release|Any CPU
	EndGlobalSection
	GlobalSection(SolutionProperties) = preSolution
		HideSolutionNode = FALSE
	EndGlobalSection
	GlobalSection(ExtensibilityGlobals) = postSolution
		SolutionGuid = {10EA0D3A-117E-4D97-B860-2944A8B8AB2A}
	EndGlobalSection
EndGlobal
